
Microsoft Visual Studio Solution File, Format Version 12.00
# Visual Studio 15
VisualStudioVersion = 15.0.28307.421
MinimumVisualStudioVersion = 10.0.40219.1
Project("{FAE04EC0-301F-11D3-BF4B-00C04F79EFBC}") = "C2SUsersWF", "C2SUsersWF\C2SUsersWF.csproj", "{CAEDBC6A-8760-4FB9-8DB8-19F202CD4E96}"
EndProject
Global
	GlobalSection(SolutionConfigurationPlatforms) = preSolution
		Debug|Any CPU = Debug|Any CPU
		Release|Any CPU = Release|Any CPU
	EndGlobalSection
	GlobalSection(ProjectConfigurationPlatforms) = postSolution
		{CAEDBC6A-8760-4FB9-8DB8-19F202CD4E96}.Debug|Any CPU.ActiveCfg = Debug|Any CPU
		{CAEDBC6A-8760-4FB9-8DB8-19F202CD4E96}.Debug|Any CPU.Build.0 = Debug|Any CPU
		{CAEDBC6A-8760-4FB9-8DB8-19F202CD4E96}.Release|Any CPU.ActiveCfg = Release|Any CPU
		{CAEDBC6A-8760-4FB9-8DB8-19F202CD4E96}.Release|Any CPU.Build.0 = Release|Any CPU
	EndGlobalSection
	GlobalSection(SolutionProperties) = preSolution
		HideSolutionNode = FALSE
	EndGlobalSection
	GlobalSection(ExtensibilityGlobals) = postSolution
		SolutionGuid = {4F32C49B-C6FD-4856-BAD1-B72BA1384DAA}
	EndGlobalSection
EndGlobal
